
Microsoft Visual Studio Solution File, Format Version 12.00
# Visual Studio Version 17
VisualStudioVersion = 17.7.34031.279
MinimumVisualStudioVersion = 10.0.40219.1
Project("{9A19103F-16F7-4668-BE54-9A1E7A4F7556}") = "Project_HalloDoc", "Project_HalloDoc\Project_HalloDoc.csproj", "{B902BBF5-D9CB-4975-B0BB-CC6AD60C0D18}"
	ProjectSection(ProjectDependencies) = postProject
		{30EE6614-663C-4C92-9880-701345FBA459} = {30EE6614-663C-4C92-9880-701345FBA459}
		{BC2F7219-7F7D-4B99-9D56-830BFD292EF0} = {BC2F7219-7F7D-4B99-9D56-830BFD292EF0}
	EndProjectSection
EndProject
Project("{FAE04EC0-301F-11D3-BF4B-00C04F79EFBC}") = "BusinessLogic", "BusinessLogic\BusinessLogic.csproj", "{BC2F7219-7F7D-4B99-9D56-830BFD292EF0}"
	ProjectSection(ProjectDependencies) = postProject
		{30EE6614-663C-4C92-9880-701345FBA459} = {30EE6614-663C-4C92-9880-701345FBA459}
	EndProjectSection
EndProject
Project("{FAE04EC0-301F-11D3-BF4B-00C04F79EFBC}") = "DataAccess", "DataAccess\DataAccess.csproj", "{30EE6614-663C-4C92-9880-701345FBA459}"
EndProject
Global
	GlobalSection(SolutionConfigurationPlatforms) = preSolution
		Debug|Any CPU = Debug|Any CPU
		Release|Any CPU = Release|Any CPU
	EndGlobalSection
	GlobalSection(ProjectConfigurationPlatforms) = postSolution
		{B902BBF5-D9CB-4975-B0BB-CC6AD60C0D18}.Debug|Any CPU.ActiveCfg = Debug|Any CPU
		{B902BBF5-D9CB-4975-B0BB-CC6AD60C0D18}.Debug|Any CPU.Build.0 = Debug|Any CPU
		{B902BBF5-D9CB-4975-B0BB-CC6AD60C0D18}.Release|Any CPU.ActiveCfg = Release|Any CPU
		{B902BBF5-D9CB-4975-B0BB-CC6AD60C0D18}.Release|Any CPU.Build.0 = Release|Any CPU
		{BC2F7219-7F7D-4B99-9D56-830BFD292EF0}.Debug|Any CPU.ActiveCfg = Debug|Any CPU
		{BC2F7219-7F7D-4B99-9D56-830BFD292EF0}.Debug|Any CPU.Build.0 = Debug|Any CPU
		{BC2F7219-7F7D-4B99-9D56-830BFD292EF0}.Release|Any CPU.ActiveCfg = Release|Any CPU
		{BC2F7219-7F7D-4B99-9D56-830BFD292EF0}.Release|Any CPU.Build.0 = Release|Any CPU
		{30EE6614-663C-4C92-9880-701345FBA459}.Debug|Any CPU.ActiveCfg = Debug|Any CPU
		{30EE6614-663C-4C92-9880-701345FBA459}.Debug|Any CPU.Build.0 = Debug|Any CPU
		{30EE6614-663C-4C92-9880-701345FBA459}.Release|Any CPU.ActiveCfg = Release|Any CPU
		{30EE6614-663C-4C92-9880-701345FBA459}.Release|Any CPU.Build.0 = Release|Any CPU
	EndGlobalSection
	GlobalSection(SolutionProperties) = preSolution
		HideSolutionNode = FALSE
	EndGlobalSection
	GlobalSection(ExtensibilityGlobals) = postSolution
		SolutionGuid = {AAEFC61B-7238-4E47-B292-10D141E41525}
	EndGlobalSection
EndGlobal
